
Microsoft Visual Studio Solution File, Format Version 12.00
# Visual Studio Version 17
VisualStudioVersion = 17.13.35828.75 d17.13
MinimumVisualStudioVersion = 10.0.40219.1
Project("{FAE04EC0-301F-11D3-BF4B-00C04F79EFBC}") = "TALLER 3 - 1", "TALLER 3 - 1\TALLER 3 - 1.csproj", "{B3F5C47B-043D-4220-A689-4D925135C610}"
EndProject
Global
	GlobalSection(SolutionConfigurationPlatforms) = preSolution
		Debug|Any CPU = Debug|Any CPU
		Release|Any CPU = Release|Any CPU
	EndGlobalSection
	GlobalSection(ProjectConfigurationPlatforms) = postSolution
		{B3F5C47B-043D-4220-A689-4D925135C610}.Debug|Any CPU.ActiveCfg = Debug|Any CPU
		{B3F5C47B-043D-4220-A689-4D925135C610}.Debug|Any CPU.Build.0 = Debug|Any CPU
		{B3F5C47B-043D-4220-A689-4D925135C610}.Release|Any CPU.ActiveCfg = Release|Any CPU
		{B3F5C47B-043D-4220-A689-4D925135C610}.Release|Any CPU.Build.0 = Release|Any CPU
	EndGlobalSection
	GlobalSection(SolutionProperties) = preSolution
		HideSolutionNode = FALSE
	EndGlobalSection
	GlobalSection(ExtensibilityGlobals) = postSolution
		SolutionGuid = {D9F55915-D5BA-4FF3-B91E-CC69142CC034}
	EndGlobalSection
EndGlobal
